
Microsoft Visual Studio Solution File, Format Version 12.00
# Visual Studio Version 16
VisualStudioVersion = 16.0.29326.143
MinimumVisualStudioVersion = 10.0.40219.1
Project("{9A19103F-16F7-4668-BE54-9A1E7A4F7556}") = "Solutions", "Solutions.csproj", "{593EF24C-BD95-45B4-B284-7DC1A1BDF627}"
EndProject
Global
	GlobalSection(SolutionConfigurationPlatforms) = preSolution
		Debug|Any CPU = Debug|Any CPU
		Release|Any CPU = Release|Any CPU
	EndGlobalSection
	GlobalSection(ProjectConfigurationPlatforms) = postSolution
		{593EF24C-BD95-45B4-B284-7DC1A1BDF627}.Debug|Any CPU.ActiveCfg = Debug|Any CPU
		{593EF24C-BD95-45B4-B284-7DC1A1BDF627}.Debug|Any CPU.Build.0 = Debug|Any CPU
		{593EF24C-BD95-45B4-B284-7DC1A1BDF627}.Release|Any CPU.ActiveCfg = Release|Any CPU
		{593EF24C-BD95-45B4-B284-7DC1A1BDF627}.Release|Any CPU.Build.0 = Release|Any CPU
	EndGlobalSection
	GlobalSection(SolutionProperties) = preSolution
		HideSolutionNode = FALSE
	EndGlobalSection
	GlobalSection(ExtensibilityGlobals) = postSolution
		SolutionGuid = {A9494126-DD6C-48F6-80F4-25DA3B8945C3}
	EndGlobalSection
EndGlobal
